
Microsoft Visual Studio Solution File, Format Version 12.00
# Visual Studio 15
VisualStudioVersion = 15.0.26124.0
MinimumVisualStudioVersion = 15.0.26124.0
Project("{FAE04EC0-301F-11D3-BF4B-00C04F79EFBC}") = "PathonDB.DatabaseClient", "PathonDB.DatabaseClient\PathonDB.DatabaseClient.csproj", "{71D57515-9920-406E-8D9E-4CB27B782AA7}"
EndProject
Project("{FAE04EC0-301F-11D3-BF4B-00C04F79EFBC}") = "PathonDB.Server", "PathonDB.Server\PathonDB.Server.csproj", "{103515DC-9828-4B73-A0F8-368C6D13A8DC}"
EndProject
Global
	GlobalSection(SolutionConfigurationPlatforms) = preSolution
		Debug|Any CPU = Debug|Any CPU
		Debug|x64 = Debug|x64
		Debug|x86 = Debug|x86
		Release|Any CPU = Release|Any CPU
		Release|x64 = Release|x64
		Release|x86 = Release|x86
	EndGlobalSection
	GlobalSection(SolutionProperties) = preSolution
		HideSolutionNode = FALSE
	EndGlobalSection
	GlobalSection(ProjectConfigurationPlatforms) = postSolution
		{71D57515-9920-406E-8D9E-4CB27B782AA7}.Debug|Any CPU.ActiveCfg = Debug|Any CPU
		{71D57515-9920-406E-8D9E-4CB27B782AA7}.Debug|Any CPU.Build.0 = Debug|Any CPU
		{71D57515-9920-406E-8D9E-4CB27B782AA7}.Debug|x64.ActiveCfg = Debug|Any CPU
		{71D57515-9920-406E-8D9E-4CB27B782AA7}.Debug|x64.Build.0 = Debug|Any CPU
		{71D57515-9920-406E-8D9E-4CB27B782AA7}.Debug|x86.ActiveCfg = Debug|Any CPU
		{71D57515-9920-406E-8D9E-4CB27B782AA7}.Debug|x86.Build.0 = Debug|Any CPU
		{71D57515-9920-406E-8D9E-4CB27B782AA7}.Release|Any CPU.ActiveCfg = Release|Any CPU
		{71D57515-9920-406E-8D9E-4CB27B782AA7}.Release|Any CPU.Build.0 = Release|Any CPU
		{71D57515-9920-406E-8D9E-4CB27B782AA7}.Release|x64.ActiveCfg = Release|Any CPU
		{71D57515-9920-406E-8D9E-4CB27B782AA7}.Release|x64.Build.0 = Release|Any CPU
		{71D57515-9920-406E-8D9E-4CB27B782AA7}.Release|x86.ActiveCfg = Release|Any CPU
		{71D57515-9920-406E-8D9E-4CB27B782AA7}.Release|x86.Build.0 = Release|Any CPU
		{103515DC-9828-4B73-A0F8-368C6D13A8DC}.Debug|Any CPU.ActiveCfg = Debug|Any CPU
		{103515DC-9828-4B73-A0F8-368C6D13A8DC}.Debug|Any CPU.Build.0 = Debug|Any CPU
		{103515DC-9828-4B73-A0F8-368C6D13A8DC}.Debug|x64.ActiveCfg = Debug|Any CPU
		{103515DC-9828-4B73-A0F8-368C6D13A8DC}.Debug|x64.Build.0 = Debug|Any CPU
		{103515DC-9828-4B73-A0F8-368C6D13A8DC}.Debug|x86.ActiveCfg = Debug|Any CPU
		{103515DC-9828-4B73-A0F8-368C6D13A8DC}.Debug|x86.Build.0 = Debug|Any CPU
		{103515DC-9828-4B73-A0F8-368C6D13A8DC}.Release|Any CPU.ActiveCfg = Release|Any CPU
		{103515DC-9828-4B73-A0F8-368C6D13A8DC}.Release|Any CPU.Build.0 = Release|Any CPU
		{103515DC-9828-4B73-A0F8-368C6D13A8DC}.Release|x64.ActiveCfg = Release|Any CPU
		{103515DC-9828-4B73-A0F8-368C6D13A8DC}.Release|x64.Build.0 = Release|Any CPU
		{103515DC-9828-4B73-A0F8-368C6D13A8DC}.Release|x86.ActiveCfg = Release|Any CPU
		{103515DC-9828-4B73-A0F8-368C6D13A8DC}.Release|x86.Build.0 = Release|Any CPU
	EndGlobalSection
EndGlobal
